// !$*UTF8*$!
{
	archiveVersion = 1;
	classes = {
	};
	objectVersion = 56;
	objects = {

/* Begin PBXBuildFile section */
		6208CEA52903659B0054B34D /* FirebaseAuth in Frameworks */ = {isa = PBXBuildFile; productRef = 6208CEA42903659B0054B34D /* FirebaseAuth */; };
		6208CEA72903659B0054B34D /* FirebaseFirestore in Frameworks */ = {isa = PBXBuildFile; productRef = 6208CEA62903659B0054B34D /* FirebaseFirestore */; };
		6208CEA92903659B0054B34D /* FirebaseFirestoreSwift in Frameworks */ = {isa = PBXBuildFile; productRef = 6208CEA82903659B0054B34D /* FirebaseFirestoreSwift */; };
		6208CEAB2903659B0054B34D /* FirebaseStorage in Frameworks */ = {isa = PBXBuildFile; productRef = 6208CEAA2903659B0054B34D /* FirebaseStorage */; };
		6208CEAD2903687B0054B34D /* GoogleService-Info.plist in Resources */ = {isa = PBXBuildFile; fileRef = 6208CEAC2903687B0054B34D /* GoogleService-Info.plist */; };
		6208CEAE2903687B0054B34D /* GoogleService-Info.plist in Resources */ = {isa = PBXBuildFile; fileRef = 6208CEAC2903687B0054B34D /* GoogleService-Info.plist */; };
		6208CEAF2903687B0054B34D /* GoogleService-Info.plist in Resources */ = {isa = PBXBuildFile; fileRef = 6208CEAC2903687B0054B34D /* GoogleService-Info.plist */; };
		6208CEB129036C520054B34D /* ModelsViewModel.swift in Sources */ = {isa = PBXBuildFile; fileRef = 6208CEB029036C520054B34D /* ModelsViewModel.swift */; };
		6208CEB229036C520054B34D /* ModelsViewModel.swift in Sources */ = {isa = PBXBuildFile; fileRef = 6208CEB029036C520054B34D /* ModelsViewModel.swift */; };
		6208CEB329036C520054B34D /* ModelsViewModel.swift in Sources */ = {isa = PBXBuildFile; fileRef = 6208CEB029036C520054B34D /* ModelsViewModel.swift */; };
		6208CEBE290370E50054B34D /* FirebaseStorageHelper.swift in Sources */ = {isa = PBXBuildFile; fileRef = 6208CEBD290370E50054B34D /* FirebaseStorageHelper.swift */; };
		622E8F9928FCDD1300EFD356 /* ControlView.swift in Sources */ = {isa = PBXBuildFile; fileRef = 622E8F9828FCDD1300EFD356 /* ControlView.swift */; };
		622E8F9B28FCE81A00EFD356 /* BrowseView.swift in Sources */ = {isa = PBXBuildFile; fileRef = 622E8F9A28FCE81A00EFD356 /* BrowseView.swift */; };
		622E8F9D28FD08A200EFD356 /* Model.swift in Sources */ = {isa = PBXBuildFile; fileRef = 622E8F9C28FD08A200EFD356 /* Model.swift */; };
		62411BA528FFAA0F00E14B1B /* FocusEntity in Frameworks */ = {isa = PBXBuildFile; productRef = 62411BA428FFAA0F00E14B1B /* FocusEntity */; };
		62411BA728FFAA4300E14B1B /* CustomARView.swift in Sources */ = {isa = PBXBuildFile; fileRef = 62411BA628FFAA4300E14B1B /* CustomARView.swift */; };
		6248CD912904CAD40098C4C0 /* ScenePersistenceHelper.swift in Sources */ = {isa = PBXBuildFile; fileRef = 6248CD902904CAD40098C4C0 /* ScenePersistenceHelper.swift */; };
		6248CD932904FBFE0098C4C0 /* ModelDeletionManager.swift in Sources */ = {isa = PBXBuildFile; fileRef = 6248CD922904FBFE0098C4C0 /* ModelDeletionManager.swift */; };
		6248CD95290503A00098C4C0 /* DeletionView.swift in Sources */ = {isa = PBXBuildFile; fileRef = 6248CD94290503A00098C4C0 /* DeletionView.swift */; };
		6253395A28FA25F000257A33 /* ARFApp.swift in Sources */ = {isa = PBXBuildFile; fileRef = 6253395928FA25F000257A33 /* ARFApp.swift */; };
		6253395C28FA25F000257A33 /* ContentView.swift in Sources */ = {isa = PBXBuildFile; fileRef = 6253395B28FA25F000257A33 /* ContentView.swift */; };
		6253395E28FA25F100257A33 /* Assets.xcassets in Resources */ = {isa = PBXBuildFile; fileRef = 6253395D28FA25F100257A33 /* Assets.xcassets */; };
		6253396128FA25F100257A33 /* Preview Assets.xcassets in Resources */ = {isa = PBXBuildFile; fileRef = 6253396028FA25F100257A33 /* Preview Assets.xcassets */; };
		6253396B28FA25F100257A33 /* ARFTests.swift in Sources */ = {isa = PBXBuildFile; fileRef = 6253396A28FA25F100257A33 /* ARFTests.swift */; };
		6253397528FA25F100257A33 /* ARFUITests.swift in Sources */ = {isa = PBXBuildFile; fileRef = 6253397428FA25F100257A33 /* ARFUITests.swift */; };
		6253397728FA25F100257A33 /* ARFUITestsLaunchTests.swift in Sources */ = {isa = PBXBuildFile; fileRef = 6253397628FA25F100257A33 /* ARFUITestsLaunchTests.swift */; };
		6262A1D828FE55EC00025AB2 /* PlacementSettings.swift in Sources */ = {isa = PBXBuildFile; fileRef = 6262A1D728FE55EC00025AB2 /* PlacementSettings.swift */; };
		6262A1DA28FE57D400025AB2 /* PlacementView.swift in Sources */ = {isa = PBXBuildFile; fileRef = 6262A1D928FE57D400025AB2 /* PlacementView.swift */; };
		62D25F2E290472770002D1D6 /* ARViewContainer.swift in Sources */ = {isa = PBXBuildFile; fileRef = 62D25F2D290472770002D1D6 /* ARViewContainer.swift */; };
		62EDBB792900CF04007C5D8D /* View+Extensions.swift in Sources */ = {isa = PBXBuildFile; fileRef = 62EDBB782900CF04007C5D8D /* View+Extensions.swift */; };
		62EDBB7B2900D813007C5D8D /* SessionSettings.swift in Sources */ = {isa = PBXBuildFile; fileRef = 62EDBB7A2900D813007C5D8D /* SessionSettings.swift */; };
		62EDBB7D2900D8F2007C5D8D /* SettingsView.swift in Sources */ = {isa = PBXBuildFile; fileRef = 62EDBB7C2900D8F2007C5D8D /* SettingsView.swift */; };
/* End PBXBuildFile section */

/* Begin PBXContainerItemProxy section */
		6253396728FA25F100257A33 /* PBXContainerItemProxy */ = {
			isa = PBXContainerItemProxy;
			containerPortal = 6253394E28FA25F000257A33 /* Project object */;
			proxyType = 1;
			remoteGlobalIDString = 6253395528FA25F000257A33;
			remoteInfo = ARF;
		};
		6253397128FA25F100257A33 /* PBXContainerItemProxy */ = {
			isa = PBXContainerItemProxy;
			containerPortal = 6253394E28FA25F000257A33 /* Project object */;
			proxyType = 1;
			remoteGlobalIDString = 6253395528FA25F000257A33;
			remoteInfo = ARF;
		};
/* End PBXContainerItemProxy section */

/* Begin PBXFileReference section */
		6208CEAC2903687B0054B34D /* GoogleService-Info.plist */ = {isa = PBXFileReference; fileEncoding = 4; lastKnownFileType = text.plist.xml; path = "GoogleService-Info.plist"; sourceTree = "<group>"; };
		6208CEB029036C520054B34D /* ModelsViewModel.swift */ = {isa = PBXFileReference; lastKnownFileType = sourcecode.swift; path = ModelsViewModel.swift; sourceTree = "<group>"; };
		6208CEBD290370E50054B34D /* FirebaseStorageHelper.swift */ = {isa = PBXFileReference; lastKnownFileType = sourcecode.swift; path = FirebaseStorageHelper.swift; sourceTree = "<group>"; };
		622E8F9828FCDD1300EFD356 /* ControlView.swift */ = {isa = PBXFileReference; lastKnownFileType = sourcecode.swift; path = ControlView.swift; sourceTree = "<group>"; };
		622E8F9A28FCE81A00EFD356 /* BrowseView.swift */ = {isa = PBXFileReference; lastKnownFileType = sourcecode.swift; path = BrowseView.swift; sourceTree = "<group>"; };
		622E8F9C28FD08A200EFD356 /* Model.swift */ = {isa = PBXFileReference; lastKnownFileType = sourcecode.swift; path = Model.swift; sourceTree = "<group>"; };
		62411BA628FFAA4300E14B1B /* CustomARView.swift */ = {isa = PBXFileReference; lastKnownFileType = sourcecode.swift; path = CustomARView.swift; sourceTree = "<group>"; };
		6248CD902904CAD40098C4C0 /* ScenePersistenceHelper.swift */ = {isa = PBXFileReference; lastKnownFileType = sourcecode.swift; path = ScenePersistenceHelper.swift; sourceTree = "<group>"; };
		6248CD922904FBFE0098C4C0 /* ModelDeletionManager.swift */ = {isa = PBXFileReference; lastKnownFileType = sourcecode.swift; path = ModelDeletionManager.swift; sourceTree = "<group>"; };
		6248CD94290503A00098C4C0 /* DeletionView.swift */ = {isa = PBXFileReference; lastKnownFileType = sourcecode.swift; path = DeletionView.swift; sourceTree = "<group>"; };
		6253395628FA25F000257A33 /* ARF.app */ = {isa = PBXFileReference; explicitFileType = wrapper.application; includeInIndex = 0; path = ARF.app; sourceTree = BUILT_PRODUCTS_DIR; };
		6253395928FA25F000257A33 /* ARFApp.swift */ = {isa = PBXFileReference; lastKnownFileType = sourcecode.swift; path = ARFApp.swift; sourceTree = "<group>"; };
		6253395B28FA25F000257A33 /* ContentView.swift */ = {isa = PBXFileReference; lastKnownFileType = sourcecode.swift; path = ContentView.swift; sourceTree = "<group>"; };
		6253395D28FA25F100257A33 /* Assets.xcassets */ = {isa = PBXFileReference; lastKnownFileType = folder.assetcatalog; path = Assets.xcassets; sourceTree = "<group>"; };
		6253396028FA25F100257A33 /* Preview Assets.xcassets */ = {isa = PBXFileReference; lastKnownFileType = folder.assetcatalog; path = "Preview Assets.xcassets"; sourceTree = "<group>"; };
		6253396628FA25F100257A33 /* ARFTests.xctest */ = {isa = PBXFileReference; explicitFileType = wrapper.cfbundle; includeInIndex = 0; path = ARFTests.xctest; sourceTree = BUILT_PRODUCTS_DIR; };
		6253396A28FA25F100257A33 /* ARFTests.swift */ = {isa = PBXFileReference; lastKnownFileType = sourcecode.swift; path = ARFTests.swift; sourceTree = "<group>"; };
		6253397028FA25F100257A33 /* ARFUITests.xctest */ = {isa = PBXFileReference; explicitFileType = wrapper.cfbundle; includeInIndex = 0; path = ARFUITests.xctest; sourceTree = BUILT_PRODUCTS_DIR; };
		6253397428FA25F100257A33 /* ARFUITests.swift */ = {isa = PBXFileReference; lastKnownFileType = sourcecode.swift; path = ARFUITests.swift; sourceTree = "<group>"; };
		6253397628FA25F100257A33 /* ARFUITestsLaunchTests.swift */ = {isa = PBXFileReference; lastKnownFileType = sourcecode.swift; path = ARFUITestsLaunchTests.swift; sourceTree = "<group>"; };
		6253398328FA2A6900257A33 /* Info.plist */ = {isa = PBXFileReference; lastKnownFileType = text.plist; path = Info.plist; sourceTree = "<group>"; };
		6262A1D728FE55EC00025AB2 /* PlacementSettings.swift */ = {isa = PBXFileReference; lastKnownFileType = sourcecode.swift; path = PlacementSettings.swift; sourceTree = "<group>"; };
		6262A1D928FE57D400025AB2 /* PlacementView.swift */ = {isa = PBXFileReference; lastKnownFileType = sourcecode.swift; path = PlacementView.swift; sourceTree = "<group>"; };
		62D25F2D290472770002D1D6 /* ARViewContainer.swift */ = {isa = PBXFileReference; lastKnownFileType = sourcecode.swift; path = ARViewContainer.swift; sourceTree = "<group>"; };
		62EDBB782900CF04007C5D8D /* View+Extensions.swift */ = {isa = PBXFileReference; lastKnownFileType = sourcecode.swift; path = "View+Extensions.swift"; sourceTree = "<group>"; };
		62EDBB7A2900D813007C5D8D /* SessionSettings.swift */ = {isa = PBXFileReference; lastKnownFileType = sourcecode.swift; path = SessionSettings.swift; sourceTree = "<group>"; };
		62EDBB7C2900D8F2007C5D8D /* SettingsView.swift */ = {isa = PBXFileReference; lastKnownFileType = sourcecode.swift; path = SettingsView.swift; sourceTree = "<group>"; };
/* End PBXFileReference section */

/* Begin PBXFrameworksBuildPhase section */
		6253395328FA25F000257A33 /* Frameworks */ = {
			isa = PBXFrameworksBuildPhase;
			buildActionMask = 2147483647;
			files = (
				62411BA528FFAA0F00E14B1B /* FocusEntity in Frameworks */,
				6208CEA52903659B0054B34D /* FirebaseAuth in Frameworks */,
				6208CEA72903659B0054B34D /* FirebaseFirestore in Frameworks */,
				6208CEAB2903659B0054B34D /* FirebaseStorage in Frameworks */,
				6208CEA92903659B0054B34D /* FirebaseFirestoreSwift in Frameworks */,
			);
			runOnlyForDeploymentPostprocessing = 0;
		};
		6253396328FA25F100257A33 /* Frameworks */ = {
			isa = PBXFrameworksBuildPhase;
			buildActionMask = 2147483647;
			files = (
			);
			runOnlyForDeploymentPostprocessing = 0;
		};
		6253396D28FA25F100257A33 /* Frameworks */ = {
			isa = PBXFrameworksBuildPhase;
			buildActionMask = 2147483647;
			files = (
			);
			runOnlyForDeploymentPostprocessing = 0;
		};
/* End PBXFrameworksBuildPhase section */

/* Begin PBXGroup section */
		6253394D28FA25F000257A33 = {
			isa = PBXGroup;
			children = (
				6208CEAC2903687B0054B34D /* GoogleService-Info.plist */,
				6253395828FA25F000257A33 /* ARF */,
				6253396928FA25F100257A33 /* ARFTests */,
				6253397328FA25F100257A33 /* ARFUITests */,
				6253395728FA25F000257A33 /* Products */,
			);
			sourceTree = "<group>";
		};
		6253395728FA25F000257A33 /* Products */ = {
			isa = PBXGroup;
			children = (
				6253395628FA25F000257A33 /* ARF.app */,
				6253396628FA25F100257A33 /* ARFTests.xctest */,
				6253397028FA25F100257A33 /* ARFUITests.xctest */,
			);
			name = Products;
			sourceTree = "<group>";
		};
		6253395828FA25F000257A33 /* ARF */ = {
			isa = PBXGroup;
			children = (
				6253395928FA25F000257A33 /* ARFApp.swift */,
				62D25F2D290472770002D1D6 /* ARViewContainer.swift */,
				622E8F9A28FCE81A00EFD356 /* BrowseView.swift */,
				6253395B28FA25F000257A33 /* ContentView.swift */,
				622E8F9828FCDD1300EFD356 /* ControlView.swift */,
				62411BA628FFAA4300E14B1B /* CustomARView.swift */,
				6208CEBD290370E50054B34D /* FirebaseStorageHelper.swift */,
				622E8F9C28FD08A200EFD356 /* Model.swift */,
				6208CEB029036C520054B34D /* ModelsViewModel.swift */,
				6262A1D728FE55EC00025AB2 /* PlacementSettings.swift */,
				6262A1D928FE57D400025AB2 /* PlacementView.swift */,
				6248CD94290503A00098C4C0 /* DeletionView.swift */,
				62EDBB7C2900D8F2007C5D8D /* SettingsView.swift */,
				6248CD902904CAD40098C4C0 /* ScenePersistenceHelper.swift */,
				6248CD922904FBFE0098C4C0 /* ModelDeletionManager.swift */,
				62EDBB7A2900D813007C5D8D /* SessionSettings.swift */,
				62EDBB782900CF04007C5D8D /* View+Extensions.swift */,
				6253395D28FA25F100257A33 /* Assets.xcassets */,
				6253398328FA2A6900257A33 /* Info.plist */,
				6253395F28FA25F100257A33 /* Preview Content */,
			);
			path = ARF;
			sourceTree = "<group>";
		};
		6253395F28FA25F100257A33 /* Preview Content */ = {
			isa = PBXGroup;
			children = (
				6253396028FA25F100257A33 /* Preview Assets.xcassets */,
			);
			path = "Preview Content";
			sourceTree = "<group>";
		};
		6253396928FA25F100257A33 /* ARFTests */ = {
			isa = PBXGroup;
			children = (
				6253396A28FA25F100257A33 /* ARFTests.swift */,
			);
			path = ARFTests;
			sourceTree = "<group>";
		};
		6253397328FA25F100257A33 /* ARFUITests */ = {
			isa = PBXGroup;
			children = (
				6253397428FA25F100257A33 /* ARFUITests.swift */,
				6253397628FA25F100257A33 /* ARFUITestsLaunchTests.swift */,
			);
			path = ARFUITests;
			sourceTree = "<group>";
		};
/* End PBXGroup section */

/* Begin PBXNativeTarget section */
		6253395528FA25F000257A33 /* ARF */ = {
			isa = PBXNativeTarget;
			buildConfigurationList = 6253397A28FA25F100257A33 /* Build configuration list for PBXNativeTarget "ARF" */;
			buildPhases = (
				6253395228FA25F000257A33 /* Sources */,
				6253395328FA25F000257A33 /* Frameworks */,
				6253395428FA25F000257A33 /* Resources */,
			);
			buildRules = (
			);
			dependencies = (
			);
			name = ARF;
			packageProductDependencies = (
				62411BA428FFAA0F00E14B1B /* FocusEntity */,
				6208CEA42903659B0054B34D /* FirebaseAuth */,
				6208CEA62903659B0054B34D /* FirebaseFirestore */,
				6208CEA82903659B0054B34D /* FirebaseFirestoreSwift */,
				6208CEAA2903659B0054B34D /* FirebaseStorage */,
			);
			productName = ARF;
			productReference = 6253395628FA25F000257A33 /* ARF.app */;
			productType = "com.apple.product-type.application";
		};
		6253396528FA25F100257A33 /* ARFTests */ = {
			isa = PBXNativeTarget;
			buildConfigurationList = 6253397D28FA25F100257A33 /* Build configuration list for PBXNativeTarget "ARFTests" */;
			buildPhases = (
				6253396228FA25F100257A33 /* Sources */,
				6253396328FA25F100257A33 /* Frameworks */,
				6253396428FA25F100257A33 /* Resources */,
			);
			buildRules = (
			);
			dependencies = (
				6253396828FA25F100257A33 /* PBXTargetDependency */,
			);
			name = ARFTests;
			productName = ARFTests;
			productReference = 6253396628FA25F100257A33 /* ARFTests.xctest */;
			productType = "com.apple.product-type.bundle.unit-test";
		};
		6253396F28FA25F100257A33 /* ARFUITests */ = {
			isa = PBXNativeTarget;
			buildConfigurationList = 6253398028FA25F100257A33 /* Build configuration list for PBXNativeTarget "ARFUITests" */;
			buildPhases = (
				6253396C28FA25F100257A33 /* Sources */,
				6253396D28FA25F100257A33 /* Frameworks */,
				6253396E28FA25F100257A33 /* Resources */,
			);
			buildRules = (
			);
			dependencies = (
				6253397228FA25F100257A33 /* PBXTargetDependency */,
			);
			name = ARFUITests;
			productName = ARFUITests;
			productReference = 6253397028FA25F100257A33 /* ARFUITests.xctest */;
			productType = "com.apple.product-type.bundle.ui-testing";
		};
/* End PBXNativeTarget section */

/* Begin PBXProject section */
		6253394E28FA25F000257A33 /* Project object */ = {
			isa = PBXProject;
			attributes = {
				BuildIndependentTargetsInParallel = 1;
				LastSwiftUpdateCheck = 1400;
				LastUpgradeCheck = 1400;
				TargetAttributes = {
					6253395528FA25F000257A33 = {
						CreatedOnToolsVersion = 14.0.1;
					};
					6253396528FA25F100257A33 = {
						CreatedOnToolsVersion = 14.0.1;
						TestTargetID = 6253395528FA25F000257A33;
					};
					6253396F28FA25F100257A33 = {
						CreatedOnToolsVersion = 14.0.1;
						TestTargetID = 6253395528FA25F000257A33;
					};
				};
			};
			buildConfigurationList = 6253395128FA25F000257A33 /* Build configuration list for PBXProject "ARF" */;
			compatibilityVersion = "Xcode 14.0";
			developmentRegion = en;
			hasScannedForEncodings = 0;
			knownRegions = (
				en,
				Base,
			);
			mainGroup = 6253394D28FA25F000257A33;
			packageReferences = (
				62411BA328FFAA0F00E14B1B /* XCRemoteSwiftPackageReference "FocusEntity" */,
				6208CEA32903659B0054B34D /* XCRemoteSwiftPackageReference "firebase-ios-sdk" */,
			);
			productRefGroup = 6253395728FA25F000257A33 /* Products */;
			projectDirPath = "";
			projectRoot = "";
			targets = (
				6253395528FA25F000257A33 /* ARF */,
				6253396528FA25F100257A33 /* ARFTests */,
				6253396F28FA25F100257A33 /* ARFUITests */,
			);
		};
/* End PBXProject section */

/* Begin PBXResourcesBuildPhase section */
		6253395428FA25F000257A33 /* Resources */ = {
			isa = PBXResourcesBuildPhase;
			buildActionMask = 2147483647;
			files = (
				6253396128FA25F100257A33 /* Preview Assets.xcassets in Resources */,
				6208CEAD2903687B0054B34D /* GoogleService-Info.plist in Resources */,
				6253395E28FA25F100257A33 /* Assets.xcassets in Resources */,
			);
			runOnlyForDeploymentPostprocessing = 0;
		};
		6253396428FA25F100257A33 /* Resources */ = {
			isa = PBXResourcesBuildPhase;
			buildActionMask = 2147483647;
			files = (
				6208CEAE2903687B0054B34D /* GoogleService-Info.plist in Resources */,
			);
			runOnlyForDeploymentPostprocessing = 0;
		};
		6253396E28FA25F100257A33 /* Resources */ = {
			isa = PBXResourcesBuildPhase;
			buildActionMask = 2147483647;
			files = (
				6208CEAF2903687B0054B34D /* GoogleService-Info.plist in Resources */,
			);
			runOnlyForDeploymentPostprocessing = 0;
		};
/* End PBXResourcesBuildPhase section */

/* Begin PBXSourcesBuildPhase section */
		6253395228FA25F000257A33 /* Sources */ = {
			isa = PBXSourcesBuildPhase;
			buildActionMask = 2147483647;
			files = (
				6262A1D828FE55EC00025AB2 /* PlacementSettings.swift in Sources */,
				62EDBB7B2900D813007C5D8D /* SessionSettings.swift in Sources */,
				62EDBB792900CF04007C5D8D /* View+Extensions.swift in Sources */,
				62D25F2E290472770002D1D6 /* ARViewContainer.swift in Sources */,
				622E8F9D28FD08A200EFD356 /* Model.swift in Sources */,
				6248CD932904FBFE0098C4C0 /* ModelDeletionManager.swift in Sources */,
				6208CEB129036C520054B34D /* ModelsViewModel.swift in Sources */,
				6248CD912904CAD40098C4C0 /* ScenePersistenceHelper.swift in Sources */,
				6253395C28FA25F000257A33 /* ContentView.swift in Sources */,
				622E8F9B28FCE81A00EFD356 /* BrowseView.swift in Sources */,
				622E8F9928FCDD1300EFD356 /* ControlView.swift in Sources */,
				6253395A28FA25F000257A33 /* ARFApp.swift in Sources */,
				62411BA728FFAA4300E14B1B /* CustomARView.swift in Sources */,
				6208CEBE290370E50054B34D /* FirebaseStorageHelper.swift in Sources */,
				6262A1DA28FE57D400025AB2 /* PlacementView.swift in Sources */,
				6248CD95290503A00098C4C0 /* DeletionView.swift in Sources */,
				62EDBB7D2900D8F2007C5D8D /* SettingsView.swift in Sources */,
			);
			runOnlyForDeploymentPostprocessing = 0;
		};
		6253396228FA25F100257A33 /* Sources */ = {
			isa = PBXSourcesBuildPhase;
			buildActionMask = 2147483647;
			files = (
				6208CEB229036C520054B34D /* ModelsViewModel.swift in Sources */,
				6253396B28FA25F100257A33 /* ARFTests.swift in Sources */,
			);
			runOnlyForDeploymentPostprocessing = 0;
		};
		6253396C28FA25F100257A33 /* Sources */ = {
			isa = PBXSourcesBuildPhase;
			buildActionMask = 2147483647;
			files = (
				6253397728FA25F100257A33 /* ARFUITestsLaunchTests.swift in Sources */,
				6208CEB329036C520054B34D /* ModelsViewModel.swift in Sources */,
				6253397528FA25F100257A33 /* ARFUITests.swift in Sources */,
			);
			runOnlyForDeploymentPostprocessing = 0;
		};
/* End PBXSourcesBuildPhase section */

/* Begin PBXTargetDependency section */
		6253396828FA25F100257A33 /* PBXTargetDependency */ = {
			isa = PBXTargetDependency;
			target = 6253395528FA25F000257A33 /* ARF */;
			targetProxy = 6253396728FA25F100257A33 /* PBXContainerItemProxy */;
		};
		6253397228FA25F100257A33 /* PBXTargetDependency */ = {
			isa = PBXTargetDependency;
			target = 6253395528FA25F000257A33 /* ARF */;
			targetProxy = 6253397128FA25F100257A33 /* PBXContainerItemProxy */;
		};
/* End PBXTargetDependency section */

/* Begin XCBuildConfiguration section */
		6253397828FA25F100257A33 /* Debug */ = {
			isa = XCBuildConfiguration;
			buildSettings = {
				ALWAYS_SEARCH_USER_PATHS = NO;
				CLANG_ANALYZER_NONNULL = YES;
				CLANG_ANALYZER_NUMBER_OBJECT_CONVERSION = YES_AGGRESSIVE;
				CLANG_CXX_LANGUAGE_STANDARD = "gnu++20";
				CLANG_ENABLE_MODULES = YES;
				CLANG_ENABLE_OBJC_ARC = YES;
				CLANG_ENABLE_OBJC_WEAK = YES;
				CLANG_WARN_BLOCK_CAPTURE_AUTORELEASING = YES;
				CLANG_WARN_BOOL_CONVERSION = YES;
				CLANG_WARN_COMMA = YES;
				CLANG_WARN_CONSTANT_CONVERSION = YES;
				CLANG_WARN_DEPRECATED_OBJC_IMPLEMENTATIONS = YES;
				CLANG_WARN_DIRECT_OBJC_ISA_USAGE = YES_ERROR;
				CLANG_WARN_DOCUMENTATION_COMMENTS = YES;
				CLANG_WARN_EMPTY_BODY = YES;
				CLANG_WARN_ENUM_CONVERSION = YES;
				CLANG_WARN_INFINITE_RECURSION = YES;
				CLANG_WARN_INT_CONVERSION = YES;
				CLANG_WARN_NON_LITERAL_NULL_CONVERSION = YES;
				CLANG_WARN_OBJC_IMPLICIT_RETAIN_SELF = YES;
				CLANG_WARN_OBJC_LITERAL_CONVERSION = YES;
				CLANG_WARN_OBJC_ROOT_CLASS = YES_ERROR;
				CLANG_WARN_QUOTED_INCLUDE_IN_FRAMEWORK_HEADER = YES;
				CLANG_WARN_RANGE_LOOP_ANALYSIS = YES;
				CLANG_WARN_STRICT_PROTOTYPES = YES;
				CLANG_WARN_SUSPICIOUS_MOVE = YES;
				CLANG_WARN_UNGUARDED_AVAILABILITY = YES_AGGRESSIVE;
				CLANG_WARN_UNREACHABLE_CODE = YES;
				CLANG_WARN__DUPLICATE_METHOD_MATCH = YES;
				COPY_PHASE_STRIP = NO;
				DEBUG_INFORMATION_FORMAT = dwarf;
				ENABLE_STRICT_OBJC_MSGSEND = YES;
				ENABLE_TESTABILITY = YES;
				GCC_C_LANGUAGE_STANDARD = gnu11;
				GCC_DYNAMIC_NO_PIC = NO;
				GCC_NO_COMMON_BLOCKS = YES;
				GCC_OPTIMIZATION_LEVEL = 0;
				GCC_PREPROCESSOR_DEFINITIONS = (
					"DEBUG=1",
					"$(inherited)",
				);
				GCC_WARN_64_TO_32_BIT_CONVERSION = YES;
				GCC_WARN_ABOUT_RETURN_TYPE = YES_ERROR;
				GCC_WARN_UNDECLARED_SELECTOR = YES;
				GCC_WARN_UNINITIALIZED_AUTOS = YES_AGGRESSIVE;
				GCC_WARN_UNUSED_FUNCTION = YES;
				GCC_WARN_UNUSED_VARIABLE = YES;
				IPHONEOS_DEPLOYMENT_TARGET = 15.6;
				MTL_ENABLE_DEBUG_INFO = INCLUDE_SOURCE;
				MTL_FAST_MATH = YES;
				ONLY_ACTIVE_ARCH = YES;
				SDKROOT = iphoneos;
				SWIFT_ACTIVE_COMPILATION_CONDITIONS = DEBUG;
				SWIFT_OPTIMIZATION_LEVEL = "-Onone";
			};
			name = Debug;
		};
		6253397928FA25F100257A33 /* Release */ = {
			isa = XCBuildConfiguration;
			buildSettings = {
				ALWAYS_SEARCH_USER_PATHS = NO;
				CLANG_ANALYZER_NONNULL = YES;
				CLANG_ANALYZER_NUMBER_OBJECT_CONVERSION = YES_AGGRESSIVE;
				CLANG_CXX_LANGUAGE_STANDARD = "gnu++20";
				CLANG_ENABLE_MODULES = YES;
				CLANG_ENABLE_OBJC_ARC = YES;
				CLANG_ENABLE_OBJC_WEAK = YES;
				CLANG_WARN_BLOCK_CAPTURE_AUTORELEASING = YES;
				CLANG_WARN_BOOL_CONVERSION = YES;
				CLANG_WARN_COMMA = YES;
				CLANG_WARN_CONSTANT_CONVERSION = YES;
				CLANG_WARN_DEPRECATED_OBJC_IMPLEMENTATIONS = YES;
				CLANG_WARN_DIRECT_OBJC_ISA_USAGE = YES_ERROR;
				CLANG_WARN_DOCUMENTATION_COMMENTS = YES;
				CLANG_WARN_EMPTY_BODY = YES;
				CLANG_WARN_ENUM_CONVERSION = YES;
				CLANG_WARN_INFINITE_RECURSION = YES;
				CLANG_WARN_INT_CONVERSION = YES;
				CLANG_WARN_NON_LITERAL_NULL_CONVERSION = YES;
				CLANG_WARN_OBJC_IMPLICIT_RETAIN_SELF = YES;
				CLANG_WARN_OBJC_LITERAL_CONVERSION = YES;
				CLANG_WARN_OBJC_ROOT_CLASS = YES_ERROR;
				CLANG_WARN_QUOTED_INCLUDE_IN_FRAMEWORK_HEADER = YES;
				CLANG_WARN_RANGE_LOOP_ANALYSIS = YES;
				CLANG_WARN_STRICT_PROTOTYPES = YES;
				CLANG_WARN_SUSPICIOUS_MOVE = YES;
				CLANG_WARN_UNGUARDED_AVAILABILITY = YES_AGGRESSIVE;
				CLANG_WARN_UNREACHABLE_CODE = YES;
				CLANG_WARN__DUPLICATE_METHOD_MATCH = YES;
				COPY_PHASE_STRIP = NO;
				DEBUG_INFORMATION_FORMAT = "dwarf-with-dsym";
				ENABLE_NS_ASSERTIONS = NO;
				ENABLE_STRICT_OBJC_MSGSEND = YES;
				GCC_C_LANGUAGE_STANDARD = gnu11;
				GCC_NO_COMMON_BLOCKS = YES;
				GCC_WARN_64_TO_32_BIT_CONVERSION = YES;
				GCC_WARN_ABOUT_RETURN_TYPE = YES_ERROR;
				GCC_WARN_UNDECLARED_SELECTOR = YES;
				GCC_WARN_UNINITIALIZED_AUTOS = YES_AGGRESSIVE;
				GCC_WARN_UNUSED_FUNCTION = YES;
				GCC_WARN_UNUSED_VARIABLE = YES;
				IPHONEOS_DEPLOYMENT_TARGET = 15.6;
				MTL_ENABLE_DEBUG_INFO = NO;
				MTL_FAST_MATH = YES;
				SDKROOT = iphoneos;
				SWIFT_COMPILATION_MODE = wholemodule;
				SWIFT_OPTIMIZATION_LEVEL = "-O";
				VALIDATE_PRODUCT = YES;
			};
			name = Release;
		};
		6253397B28FA25F100257A33 /* Debug */ = {
			isa = XCBuildConfiguration;
			buildSettings = {
				ASSETCATALOG_COMPILER_APPICON_NAME = AppIcon;
				ASSETCATALOG_COMPILER_GLOBAL_ACCENT_COLOR_NAME = AccentColor;
				CODE_SIGN_IDENTITY = "Apple Development";
				CODE_SIGN_STYLE = Automatic;
				CURRENT_PROJECT_VERSION = 1;
				DEVELOPMENT_ASSET_PATHS = "\"ARF/Preview Content\"";
				DEVELOPMENT_TEAM = DH486Q5D9H;
				ENABLE_PREVIEWS = YES;
				GENERATE_INFOPLIST_FILE = YES;
				INFOPLIST_FILE = ARF/Info.plist;
				INFOPLIST_KEY_NSCameraUsageDescription = "To use Augmented Reality, this app needs access to your camera.";
				INFOPLIST_KEY_UIApplicationSceneManifest_Generation = YES;
				INFOPLIST_KEY_UIApplicationSupportsIndirectInputEvents = YES;
				INFOPLIST_KEY_UILaunchScreen_Generation = YES;
				INFOPLIST_KEY_UIRequiredDeviceCapabilities = arkit;
				INFOPLIST_KEY_UISupportedInterfaceOrientations_iPad = "UIInterfaceOrientationPortrait UIInterfaceOrientationPortraitUpsideDown UIInterfaceOrientationLandscapeLeft UIInterfaceOrientationLandscapeRight";
				INFOPLIST_KEY_UISupportedInterfaceOrientations_iPhone = "UIInterfaceOrientationPortrait UIInterfaceOrientationLandscapeLeft UIInterfaceOrientationLandscapeRight";
				LD_RUNPATH_SEARCH_PATHS = (
					"$(inherited)",
					"@executable_path/Frameworks",
				);
				MARKETING_VERSION = 1.0;
				PRODUCT_BUNDLE_IDENTIFIER = com.k1tests.ARF;
				PRODUCT_NAME = "$(TARGET_NAME)";
				PROVISIONING_PROFILE_SPECIFIER = "";
				SWIFT_EMIT_LOC_STRINGS = YES;
				SWIFT_VERSION = 5.0;
				TARGETED_DEVICE_FAMILY = "1,2";
			};
			name = Debug;
		};
		6253397C28FA25F100257A33 /* Release */ = {
			isa = XCBuildConfiguration;
			buildSettings = {
				ASSETCATALOG_COMPILER_APPICON_NAME = AppIcon;
				ASSETCATALOG_COMPILER_GLOBAL_ACCENT_COLOR_NAME = AccentColor;
				CODE_SIGN_IDENTITY = "Apple Development";
				CODE_SIGN_STYLE = Automatic;
				CURRENT_PROJECT_VERSION = 1;
				DEVELOPMENT_ASSET_PATHS = "\"ARF/Preview Content\"";
				DEVELOPMENT_TEAM = DH486Q5D9H;
				ENABLE_PREVIEWS = YES;
				GENERATE_INFOPLIST_FILE = YES;
				INFOPLIST_FILE = ARF/Info.plist;
				INFOPLIST_KEY_NSCameraUsageDescription = "To use Augmented Reality, this app needs access to your camera.";
				INFOPLIST_KEY_UIApplicationSceneManifest_Generation = YES;
				INFOPLIST_KEY_UIApplicationSupportsIndirectInputEvents = YES;
				INFOPLIST_KEY_UILaunchScreen_Generation = YES;
				INFOPLIST_KEY_UIRequiredDeviceCapabilities = arkit;
				INFOPLIST_KEY_UISupportedInterfaceOrientations_iPad = "UIInterfaceOrientationPortrait UIInterfaceOrientationPortraitUpsideDown UIInterfaceOrientationLandscapeLeft UIInterfaceOrientationLandscapeRight";
				INFOPLIST_KEY_UISupportedInterfaceOrientations_iPhone = "UIInterfaceOrientationPortrait UIInterfaceOrientationLandscapeLeft UIInterfaceOrientationLandscapeRight";
				LD_RUNPATH_SEARCH_PATHS = (
					"$(inherited)",
					"@executable_path/Frameworks",
				);
				MARKETING_VERSION = 1.0;
				PRODUCT_BUNDLE_IDENTIFIER = com.k1tests.ARF;
				PRODUCT_NAME = "$(TARGET_NAME)";
				PROVISIONING_PROFILE_SPECIFIER = "";
				SWIFT_EMIT_LOC_STRINGS = YES;
				SWIFT_VERSION = 5.0;
				TARGETED_DEVICE_FAMILY = "1,2";
			};
			name = Release;
		};
		6253397E28FA25F100257A33 /* Debug */ = {
			isa = XCBuildConfiguration;
			buildSettings = {
				ALWAYS_EMBED_SWIFT_STANDARD_LIBRARIES = YES;
				BUNDLE_LOADER = "$(TEST_HOST)";
				CODE_SIGN_STYLE = Automatic;
				CURRENT_PROJECT_VERSION = 1;
				DEVELOPMENT_TEAM = DH486Q5D9H;
				GENERATE_INFOPLIST_FILE = YES;
				IPHONEOS_DEPLOYMENT_TARGET = 16.0;
				MARKETING_VERSION = 1.0;
				PRODUCT_BUNDLE_IDENTIFIER = com.k1tests.ARFTests;
				PRODUCT_NAME = "$(TARGET_NAME)";
				SWIFT_EMIT_LOC_STRINGS = NO;
				SWIFT_VERSION = 5.0;
				TARGETED_DEVICE_FAMILY = "1,2";
				TEST_HOST = "$(BUILT_PRODUCTS_DIR)/ARF.app/$(BUNDLE_EXECUTABLE_FOLDER_PATH)/ARF";
			};
			name = Debug;
		};
		6253397F28FA25F100257A33 /* Release */ = {
			isa = XCBuildConfiguration;
			buildSettings = {
				ALWAYS_EMBED_SWIFT_STANDARD_LIBRARIES = YES;
				BUNDLE_LOADER = "$(TEST_HOST)";
				CODE_SIGN_STYLE = Automatic;
				CURRENT_PROJECT_VERSION = 1;
				DEVELOPMENT_TEAM = DH486Q5D9H;
				GENERATE_INFOPLIST_FILE = YES;
				IPHONEOS_DEPLOYMENT_TARGET = 16.0;
				MARKETING_VERSION = 1.0;
				PRODUCT_BUNDLE_IDENTIFIER = com.k1tests.ARFTests;
				PRODUCT_NAME = "$(TARGET_NAME)";
				SWIFT_EMIT_LOC_STRINGS = NO;
				SWIFT_VERSION = 5.0;
				TARGETED_DEVICE_FAMILY = "1,2";
				TEST_HOST = "$(BUILT_PRODUCTS_DIR)/ARF.app/$(BUNDLE_EXECUTABLE_FOLDER_PATH)/ARF";
			};
			name = Release;
		};
		6253398128FA25F100257A33 /* Debug */ = {
			isa = XCBuildConfiguration;
			buildSettings = {
				ALWAYS_EMBED_SWIFT_STANDARD_LIBRARIES = YES;
				CODE_SIGN_STYLE = Automatic;
				CURRENT_PROJECT_VERSION = 1;
				DEVELOPMENT_TEAM = DH486Q5D9H;
				GENERATE_INFOPLIST_FILE = YES;
				MARKETING_VERSION = 1.0;
				PRODUCT_BUNDLE_IDENTIFIER = com.k1tests.ARFUITests;
				PRODUCT_NAME = "$(TARGET_NAME)";
				SWIFT_EMIT_LOC_STRINGS = NO;
				SWIFT_VERSION = 5.0;
				TARGETED_DEVICE_FAMILY = "1,2";
				TEST_TARGET_NAME = ARF;
			};
			name = Debug;
		};
		6253398228FA25F100257A33 /* Release */ = {
			isa = XCBuildConfiguration;
			buildSettings = {
				ALWAYS_EMBED_SWIFT_STANDARD_LIBRARIES = YES;
				CODE_SIGN_STYLE = Automatic;
				CURRENT_PROJECT_VERSION = 1;
				DEVELOPMENT_TEAM = DH486Q5D9H;
				GENERATE_INFOPLIST_FILE = YES;
				MARKETING_VERSION = 1.0;
				PRODUCT_BUNDLE_IDENTIFIER = com.k1tests.ARFUITests;
				PRODUCT_NAME = "$(TARGET_NAME)";
				SWIFT_EMIT_LOC_STRINGS = NO;
				SWIFT_VERSION = 5.0;
				TARGETED_DEVICE_FAMILY = "1,2";
				TEST_TARGET_NAME = ARF;
			};
			name = Release;
		};
/* End XCBuildConfiguration section */

/* Begin XCConfigurationList section */
		6253395128FA25F000257A33 /* Build configuration list for PBXProject "ARF" */ = {
			isa = XCConfigurationList;
			buildConfigurations = (
				6253397828FA25F100257A33 /* Debug */,
				6253397928FA25F100257A33 /* Release */,
			);
			defaultConfigurationIsVisible = 0;
			defaultConfigurationName = Release;
		};
		6253397A28FA25F100257A33 /* Build configuration list for PBXNativeTarget "ARF" */ = {
			isa = XCConfigurationList;
			buildConfigurations = (
				6253397B28FA25F100257A33 /* Debug */,
				6253397C28FA25F100257A33 /* Release */,
			);
			defaultConfigurationIsVisible = 0;
			defaultConfigurationName = Release;
		};
		6253397D28FA25F100257A33 /* Build configuration list for PBXNativeTarget "ARFTests" */ = {
			isa = XCConfigurationList;
			buildConfigurations = (
				6253397E28FA25F100257A33 /* Debug */,
				6253397F28FA25F100257A33 /* Release */,
			);
			defaultConfigurationIsVisible = 0;
			defaultConfigurationName = Release;
		};
		6253398028FA25F100257A33 /* Build configuration list for PBXNativeTarget "ARFUITests" */ = {
			isa = XCConfigurationList;
			buildConfigurations = (
				6253398128FA25F100257A33 /* Debug */,
				6253398228FA25F100257A33 /* Release */,
			);
			defaultConfigurationIsVisible = 0;
			defaultConfigurationName = Release;
		};
/* End XCConfigurationList section */

/* Begin XCRemoteSwiftPackageReference section */
		6208CEA32903659B0054B34D /* XCRemoteSwiftPackageReference "firebase-ios-sdk" */ = {
			isa = XCRemoteSwiftPackageReference;
			repositoryURL = "https://github.com/firebase/firebase-ios-sdk.git";
			requirement = {
				kind = upToNextMajorVersion;
				minimumVersion = 9.0.0;
			};
		};
		62411BA328FFAA0F00E14B1B /* XCRemoteSwiftPackageReference "FocusEntity" */ = {
			isa = XCRemoteSwiftPackageReference;
			repositoryURL = "https://github.com/maxxfrazer/FocusEntity";
			requirement = {
				kind = upToNextMajorVersion;
				minimumVersion = 2.2.5;
			};
		};
/* End XCRemoteSwiftPackageReference section */

/* Begin XCSwiftPackageProductDependency section */
		6208CEA42903659B0054B34D /* FirebaseAuth */ = {
			isa = XCSwiftPackageProductDependency;
			package = 6208CEA32903659B0054B34D /* XCRemoteSwiftPackageReference "firebase-ios-sdk" */;
			productName = FirebaseAuth;
		};
		6208CEA62903659B0054B34D /* FirebaseFirestore */ = {
			isa = XCSwiftPackageProductDependency;
			package = 6208CEA32903659B0054B34D /* XCRemoteSwiftPackageReference "firebase-ios-sdk" */;
			productName = FirebaseFirestore;
		};
		6208CEA82903659B0054B34D /* FirebaseFirestoreSwift */ = {
			isa = XCSwiftPackageProductDependency;
			package = 6208CEA32903659B0054B34D /* XCRemoteSwiftPackageReference "firebase-ios-sdk" */;
			productName = FirebaseFirestoreSwift;
		};
		6208CEAA2903659B0054B34D /* FirebaseStorage */ = {
			isa = XCSwiftPackageProductDependency;
			package = 6208CEA32903659B0054B34D /* XCRemoteSwiftPackageReference "firebase-ios-sdk" */;
			productName = FirebaseStorage;
		};
		62411BA428FFAA0F00E14B1B /* FocusEntity */ = {
			isa = XCSwiftPackageProductDependency;
			package = 62411BA328FFAA0F00E14B1B /* XCRemoteSwiftPackageReference "FocusEntity" */;
			productName = FocusEntity;
		};
/* End XCSwiftPackageProductDependency section */
	};
	rootObject = 6253394E28FA25F000257A33 /* Project object */;
}
